// !$*UTF8*$!
{
	archiveVersion = 1;
	classes = {
	};
	objectVersion = 50;
	objects = {

/* Begin PBXBuildFile section */
		CC01901820A7197B00E4F539 /* AppDelegate.swift in Sources */ = {isa = PBXBuildFile; fileRef = CC01901720A7197B00E4F539 /* AppDelegate.swift */; };
		CC01901A20A7197B00E4F539 /* PrimeViewController.swift in Sources */ = {isa = PBXBuildFile; fileRef = CC01901920A7197B00E4F539 /* PrimeViewController.swift */; };
		CC01901D20A7197B00E4F539 /* Main.storyboard in Resources */ = {isa = PBXBuildFile; fileRef = CC01901B20A7197B00E4F539 /* Main.storyboard */; };
		CC01901F20A7197D00E4F539 /* Assets.xcassets in Resources */ = {isa = PBXBuildFile; fileRef = CC01901E20A7197D00E4F539 /* Assets.xcassets */; };
		CC01902220A7197D00E4F539 /* LaunchScreen.storyboard in Resources */ = {isa = PBXBuildFile; fileRef = CC01902020A7197D00E4F539 /* LaunchScreen.storyboard */; };
		CC01903820A71E7C00E4F539 /* PrimeViewControllerTests.swift in Sources */ = {isa = PBXBuildFile; fileRef = CC01903720A71E7C00E4F539 /* PrimeViewControllerTests.swift */; };
		CC01904020A7417C00E4F539 /* PrimeUITests.swift in Sources */ = {isa = PBXBuildFile; fileRef = CC01903F20A7417C00E4F539 /* PrimeUITests.swift */; };
/* End PBXBuildFile section */

/* Begin PBXContainerItemProxy section */
		CC01903220A71E5500E4F539 /* PBXContainerItemProxy */ = {
			isa = PBXContainerItemProxy;
			containerPortal = CC01900C20A7197B00E4F539 /* Project object */;
			proxyType = 1;
			remoteGlobalIDString = CC01901320A7197B00E4F539;
			remoteInfo = Prime;
		};
		CC01904220A7417C00E4F539 /* PBXContainerItemProxy */ = {
			isa = PBXContainerItemProxy;
			containerPortal = CC01900C20A7197B00E4F539 /* Project object */;
			proxyType = 1;
			remoteGlobalIDString = CC01901320A7197B00E4F539;
			remoteInfo = Prime;
		};
/* End PBXContainerItemProxy section */

/* Begin PBXFileReference section */
		CC01901420A7197B00E4F539 /* Prime.app */ = {isa = PBXFileReference; explicitFileType = wrapper.application; includeInIndex = 0; path = Prime.app; sourceTree = BUILT_PRODUCTS_DIR; };
		CC01901720A7197B00E4F539 /* AppDelegate.swift */ = {isa = PBXFileReference; lastKnownFileType = sourcecode.swift; path = AppDelegate.swift; sourceTree = "<group>"; };
		CC01901920A7197B00E4F539 /* PrimeViewController.swift */ = {isa = PBXFileReference; lastKnownFileType = sourcecode.swift; path = PrimeViewController.swift; sourceTree = "<group>"; };
		CC01901C20A7197B00E4F539 /* Base */ = {isa = PBXFileReference; lastKnownFileType = file.storyboard; name = Base; path = Base.lproj/Main.storyboard; sourceTree = "<group>"; };
		CC01901E20A7197D00E4F539 /* Assets.xcassets */ = {isa = PBXFileReference; lastKnownFileType = folder.assetcatalog; path = Assets.xcassets; sourceTree = "<group>"; };
		CC01902120A7197D00E4F539 /* Base */ = {isa = PBXFileReference; lastKnownFileType = file.storyboard; name = Base; path = Base.lproj/LaunchScreen.storyboard; sourceTree = "<group>"; };
		CC01902320A7197D00E4F539 /* Info.plist */ = {isa = PBXFileReference; lastKnownFileType = text.plist.xml; path = Info.plist; sourceTree = "<group>"; };
		CC01902D20A71E5400E4F539 /* PrimeTests.xctest */ = {isa = PBXFileReference; explicitFileType = wrapper.cfbundle; includeInIndex = 0; path = PrimeTests.xctest; sourceTree = BUILT_PRODUCTS_DIR; };
		CC01903120A71E5500E4F539 /* Info.plist */ = {isa = PBXFileReference; lastKnownFileType = text.plist.xml; path = Info.plist; sourceTree = "<group>"; };
		CC01903720A71E7C00E4F539 /* PrimeViewControllerTests.swift */ = {isa = PBXFileReference; lastKnownFileType = sourcecode.swift; path = PrimeViewControllerTests.swift; sourceTree = "<group>"; };
		CC01903D20A7417C00E4F539 /* PrimeUITests.xctest */ = {isa = PBXFileReference; explicitFileType = wrapper.cfbundle; includeInIndex = 0; path = PrimeUITests.xctest; sourceTree = BUILT_PRODUCTS_DIR; };
		CC01903F20A7417C00E4F539 /* PrimeUITests.swift */ = {isa = PBXFileReference; lastKnownFileType = sourcecode.swift; path = PrimeUITests.swift; sourceTree = "<group>"; };
		CC01904120A7417C00E4F539 /* Info.plist */ = {isa = PBXFileReference; lastKnownFileType = text.plist.xml; path = Info.plist; sourceTree = "<group>"; };
/* End PBXFileReference section */

/* Begin PBXFrameworksBuildPhase section */
		CC01901120A7197B00E4F539 /* Frameworks */ = {
			isa = PBXFrameworksBuildPhase;
			buildActionMask = 2147483647;
			files = (
			);
			runOnlyForDeploymentPostprocessing = 0;
		};
		CC01902A20A71E5400E4F539 /* Frameworks */ = {
			isa = PBXFrameworksBuildPhase;
			buildActionMask = 2147483647;
			files = (
			);
			runOnlyForDeploymentPostprocessing = 0;
		};
		CC01903A20A7417C00E4F539 /* Frameworks */ = {
			isa = PBXFrameworksBuildPhase;
			buildActionMask = 2147483647;
			files = (
			);
			runOnlyForDeploymentPostprocessing = 0;
		};
/* End PBXFrameworksBuildPhase section */

/* Begin PBXGroup section */
		CC01900B20A7197B00E4F539 = {
			isa = PBXGroup;
			children = (
				CC01901620A7197B00E4F539 /* Prime */,
				CC01902E20A71E5500E4F539 /* PrimeTests */,
				CC01903E20A7417C00E4F539 /* PrimeUITests */,
				CC01901520A7197B00E4F539 /* Products */,
			);
			sourceTree = "<group>";
		};
		CC01901520A7197B00E4F539 /* Products */ = {
			isa = PBXGroup;
			children = (
				CC01901420A7197B00E4F539 /* Prime.app */,
				CC01902D20A71E5400E4F539 /* PrimeTests.xctest */,
				CC01903D20A7417C00E4F539 /* PrimeUITests.xctest */,
			);
			name = Products;
			sourceTree = "<group>";
		};
		CC01901620A7197B00E4F539 /* Prime */ = {
			isa = PBXGroup;
			children = (
				CC01901720A7197B00E4F539 /* AppDelegate.swift */,
				CC01901920A7197B00E4F539 /* PrimeViewController.swift */,
				CC01901B20A7197B00E4F539 /* Main.storyboard */,
				CC01901E20A7197D00E4F539 /* Assets.xcassets */,
				CC01902020A7197D00E4F539 /* LaunchScreen.storyboard */,
				CC01902320A7197D00E4F539 /* Info.plist */,
			);
			path = Prime;
			sourceTree = "<group>";
		};
		CC01902E20A71E5500E4F539 /* PrimeTests */ = {
			isa = PBXGroup;
			children = (
				CC01903120A71E5500E4F539 /* Info.plist */,
				CC01903720A71E7C00E4F539 /* PrimeViewControllerTests.swift */,
			);
			path = PrimeTests;
			sourceTree = "<group>";
		};
		CC01903E20A7417C00E4F539 /* PrimeUITests */ = {
			isa = PBXGroup;
			children = (
				CC01903F20A7417C00E4F539 /* PrimeUITests.swift */,
				CC01904120A7417C00E4F539 /* Info.plist */,
			);
			path = PrimeUITests;
			sourceTree = "<group>";
		};
/* End PBXGroup section */

/* Begin PBXNativeTarget section */
		CC01901320A7197B00E4F539 /* Prime */ = {
			isa = PBXNativeTarget;
			buildConfigurationList = CC01902620A7197D00E4F539 /* Build configuration list for PBXNativeTarget "Prime" */;
			buildPhases = (
				CC01901020A7197B00E4F539 /* Sources */,
				CC01901120A7197B00E4F539 /* Frameworks */,
				CC01901220A7197B00E4F539 /* Resources */,
			);
			buildRules = (
			);
			dependencies = (
			);
			name = Prime;
			productName = Prime;
			productReference = CC01901420A7197B00E4F539 /* Prime.app */;
			productType = "com.apple.product-type.application";
		};
		CC01902C20A71E5400E4F539 /* PrimeTests */ = {
			isa = PBXNativeTarget;
			buildConfigurationList = CC01903420A71E5500E4F539 /* Build configuration list for PBXNativeTarget "PrimeTests" */;
			buildPhases = (
				CC01902920A71E5400E4F539 /* Sources */,
				CC01902A20A71E5400E4F539 /* Frameworks */,
				CC01902B20A71E5400E4F539 /* Resources */,
			);
			buildRules = (
			);
			dependencies = (
				CC01903320A71E5500E4F539 /* PBXTargetDependency */,
			);
			name = PrimeTests;
			productName = PrimeTests;
			productReference = CC01902D20A71E5400E4F539 /* PrimeTests.xctest */;
			productType = "com.apple.product-type.bundle.unit-test";
		};
		CC01903C20A7417C00E4F539 /* PrimeUITests */ = {
			isa = PBXNativeTarget;
			buildConfigurationList = CC01904620A7417C00E4F539 /* Build configuration list for PBXNativeTarget "PrimeUITests" */;
			buildPhases = (
				CC01903920A7417C00E4F539 /* Sources */,
				CC01903A20A7417C00E4F539 /* Frameworks */,
				CC01903B20A7417C00E4F539 /* Resources */,
			);
			buildRules = (
			);
			dependencies = (
				CC01904320A7417C00E4F539 /* PBXTargetDependency */,
			);
			name = PrimeUITests;
			productName = PrimeUITests;
			productReference = CC01903D20A7417C00E4F539 /* PrimeUITests.xctest */;
			productType = "com.apple.product-type.bundle.ui-testing";
		};
/* End PBXNativeTarget section */

/* Begin PBXProject section */
		CC01900C20A7197B00E4F539 /* Project object */ = {
			isa = PBXProject;
			attributes = {
				LastSwiftUpdateCheck = 0930;
				LastUpgradeCheck = 0930;
				ORGANIZATIONNAME = "Jackson, Ceri-anne";
				TargetAttributes = {
					CC01901320A7197B00E4F539 = {
						CreatedOnToolsVersion = 9.3;
					};
					CC01902C20A71E5400E4F539 = {
						CreatedOnToolsVersion = 9.3;
						LastSwiftMigration = 0930;
						TestTargetID = CC01901320A7197B00E4F539;
					};
					CC01903C20A7417C00E4F539 = {
						CreatedOnToolsVersion = 9.3;
						TestTargetID = CC01901320A7197B00E4F539;
					};
				};
			};
			buildConfigurationList = CC01900F20A7197B00E4F539 /* Build configuration list for PBXProject "Prime" */;
			compatibilityVersion = "Xcode 9.3";
			developmentRegion = en;
			hasScannedForEncodings = 0;
			knownRegions = (
				en,
				Base,
			);
			mainGroup = CC01900B20A7197B00E4F539;
			productRefGroup = CC01901520A7197B00E4F539 /* Products */;
			projectDirPath = "";
			projectRoot = "";
			targets = (
				CC01901320A7197B00E4F539 /* Prime */,
				CC01902C20A71E5400E4F539 /* PrimeTests */,
				CC01903C20A7417C00E4F539 /* PrimeUITests */,
			);
		};
/* End PBXProject section */

/* Begin PBXResourcesBuildPhase section */
		CC01901220A7197B00E4F539 /* Resources */ = {
			isa = PBXResourcesBuildPhase;
			buildActionMask = 2147483647;
			files = (
				CC01902220A7197D00E4F539 /* LaunchScreen.storyboard in Resources */,
				CC01901F20A7197D00E4F539 /* Assets.xcassets in Resources */,
				CC01901D20A7197B00E4F539 /* Main.storyboard in Resources */,
			);
			runOnlyForDeploymentPostprocessing = 0;
		};
		CC01902B20A71E5400E4F539 /* Resources */ = {
			isa = PBXResourcesBuildPhase;
			buildActionMask = 2147483647;
			files = (
			);
			runOnlyForDeploymentPostprocessing = 0;
		};
		CC01903B20A7417C00E4F539 /* Resources */ = {
			isa = PBXResourcesBuildPhase;
			buildActionMask = 2147483647;
			files = (
			);
			runOnlyForDeploymentPostprocessing = 0;
		};
/* End PBXResourcesBuildPhase section */

/* Begin PBXSourcesBuildPhase section */
		CC01901020A7197B00E4F539 /* Sources */ = {
			isa = PBXSourcesBuildPhase;
			buildActionMask = 2147483647;
			files = (
				CC01901A20A7197B00E4F539 /* PrimeViewController.swift in Sources */,
				CC01901820A7197B00E4F539 /* AppDelegate.swift in Sources */,
			);
			runOnlyForDeploymentPostprocessing = 0;
		};
		CC01902920A71E5400E4F539 /* Sources */ = {
			isa = PBXSourcesBuildPhase;
			buildActionMask = 2147483647;
			files = (
				CC01903820A71E7C00E4F539 /* PrimeViewControllerTests.swift in Sources */,
			);
			runOnlyForDeploymentPostprocessing = 0;
		};
		CC01903920A7417C00E4F539 /* Sources */ = {
			isa = PBXSourcesBuildPhase;
			buildActionMask = 2147483647;
			files = (
				CC01904020A7417C00E4F539 /* PrimeUITests.swift in Sources */,
			);
			runOnlyForDeploymentPostprocessing = 0;
		};
/* End PBXSourcesBuildPhase section */

/* Begin PBXTargetDependency section */
		CC01903320A71E5500E4F539 /* PBXTargetDependency */ = {
			isa = PBXTargetDependency;
			target = CC01901320A7197B00E4F539 /* Prime */;
			targetProxy = CC01903220A71E5500E4F539 /* PBXContainerItemProxy */;
		};
		CC01904320A7417C00E4F539 /* PBXTargetDependency */ = {
			isa = PBXTargetDependency;
			target = CC01901320A7197B00E4F539 /* Prime */;
			targetProxy = CC01904220A7417C00E4F539 /* PBXContainerItemProxy */;
		};
/* End PBXTargetDependency section */

/* Begin PBXVariantGroup section */
		CC01901B20A7197B00E4F539 /* Main.storyboard */ = {
			isa = PBXVariantGroup;
			children = (
				CC01901C20A7197B00E4F539 /* Base */,
			);
			name = Main.storyboard;
			sourceTree = "<group>";
		};
		CC01902020A7197D00E4F539 /* LaunchScreen.storyboard */ = {
			isa = PBXVariantGroup;
			children = (
				CC01902120A7197D00E4F539 /* Base */,
			);
			name = LaunchScreen.storyboard;
			sourceTree = "<group>";
		};
/* End PBXVariantGroup section */

/* Begin XCBuildConfiguration section */
		CC01902420A7197D00E4F539 /* Debug */ = {
			isa = XCBuildConfiguration;
			buildSettings = {
				ALWAYS_SEARCH_USER_PATHS = NO;
				CLANG_ANALYZER_NONNULL = YES;
				CLANG_ANALYZER_NUMBER_OBJECT_CONVERSION = YES_AGGRESSIVE;
				CLANG_CXX_LANGUAGE_STANDARD = "gnu++14";
				CLANG_CXX_LIBRARY = "libc++";
				CLANG_ENABLE_MODULES = YES;
				CLANG_ENABLE_OBJC_ARC = YES;
				CLANG_ENABLE_OBJC_WEAK = YES;
				CLANG_WARN_BLOCK_CAPTURE_AUTORELEASING = YES;
				CLANG_WARN_BOOL_CONVERSION = YES;
				CLANG_WARN_COMMA = YES;
				CLANG_WARN_CONSTANT_CONVERSION = YES;
				CLANG_WARN_DEPRECATED_OBJC_IMPLEMENTATIONS = YES;
				CLANG_WARN_DIRECT_OBJC_ISA_USAGE = YES_ERROR;
				CLANG_WARN_DOCUMENTATION_COMMENTS = YES;
				CLANG_WARN_EMPTY_BODY = YES;
				CLANG_WARN_ENUM_CONVERSION = YES;
				CLANG_WARN_INFINITE_RECURSION = YES;
				CLANG_WARN_INT_CONVERSION = YES;
				CLANG_WARN_NON_LITERAL_NULL_CONVERSION = YES;
				CLANG_WARN_OBJC_IMPLICIT_RETAIN_SELF = YES;
				CLANG_WARN_OBJC_LITERAL_CONVERSION = YES;
				CLANG_WARN_OBJC_ROOT_CLASS = YES_ERROR;
				CLANG_WARN_RANGE_LOOP_ANALYSIS = YES;
				CLANG_WARN_STRICT_PROTOTYPES = YES;
				CLANG_WARN_SUSPICIOUS_MOVE = YES;
				CLANG_WARN_UNGUARDED_AVAILABILITY = YES_AGGRESSIVE;
				CLANG_WARN_UNREACHABLE_CODE = YES;
				CLANG_WARN__DUPLICATE_METHOD_MATCH = YES;
				CODE_SIGN_IDENTITY = "iPhone Developer";
				COPY_PHASE_STRIP = NO;
				DEBUG_INFORMATION_FORMAT = dwarf;
				ENABLE_STRICT_OBJC_MSGSEND = YES;
				ENABLE_TESTABILITY = YES;
				GCC_C_LANGUAGE_STANDARD = gnu11;
				GCC_DYNAMIC_NO_PIC = NO;
				GCC_NO_COMMON_BLOCKS = YES;
				GCC_OPTIMIZATION_LEVEL = 0;
				GCC_PREPROCESSOR_DEFINITIONS = (
					"DEBUG=1",
					"$(inherited)",
				);
				GCC_WARN_64_TO_32_BIT_CONVERSION = YES;
				GCC_WARN_ABOUT_RETURN_TYPE = YES_ERROR;
				GCC_WARN_UNDECLARED_SELECTOR = YES;
				GCC_WARN_UNINITIALIZED_AUTOS = YES_AGGRESSIVE;
				GCC_WARN_UNUSED_FUNCTION = YES;
				GCC_WARN_UNUSED_VARIABLE = YES;
				IPHONEOS_DEPLOYMENT_TARGET = 11.3;
				MTL_ENABLE_DEBUG_INFO = YES;
				ONLY_ACTIVE_ARCH = YES;
				SDKROOT = iphoneos;
				SWIFT_ACTIVE_COMPILATION_CONDITIONS = DEBUG;
				SWIFT_OPTIMIZATION_LEVEL = "-Onone";
			};
			name = Debug;
		};
		CC01902520A7197D00E4F539 /* Release */ = {
			isa = XCBuildConfiguration;
			buildSettings = {
				ALWAYS_SEARCH_USER_PATHS = NO;
				CLANG_ANALYZER_NONNULL = YES;
				CLANG_ANALYZER_NUMBER_OBJECT_CONVERSION = YES_AGGRESSIVE;
				CLANG_CXX_LANGUAGE_STANDARD = "gnu++14";
				CLANG_CXX_LIBRARY = "libc++";
				CLANG_ENABLE_MODULES = YES;
				CLANG_ENABLE_OBJC_ARC = YES;
				CLANG_ENABLE_OBJC_WEAK = YES;
				CLANG_WARN_BLOCK_CAPTURE_AUTORELEASING = YES;
				CLANG_WARN_BOOL_CONVERSION = YES;
				CLANG_WARN_COMMA = YES;
				CLANG_WARN_CONSTANT_CONVERSION = YES;
				CLANG_WARN_DEPRECATED_OBJC_IMPLEMENTATIONS = YES;
				CLANG_WARN_DIRECT_OBJC_ISA_USAGE = YES_ERROR;
				CLANG_WARN_DOCUMENTATION_COMMENTS = YES;
				CLANG_WARN_EMPTY_BODY = YES;
				CLANG_WARN_ENUM_CONVERSION = YES;
				CLANG_WARN_INFINITE_RECURSION = YES;
				CLANG_WARN_INT_CONVERSION = YES;
				CLANG_WARN_NON_LITERAL_NULL_CONVERSION = YES;
				CLANG_WARN_OBJC_IMPLICIT_RETAIN_SELF = YES;
				CLANG_WARN_OBJC_LITERAL_CONVERSION = YES;
				CLANG_WARN_OBJC_ROOT_CLASS = YES_ERROR;
				CLANG_WARN_RANGE_LOOP_ANALYSIS = YES;
				CLANG_WARN_STRICT_PROTOTYPES = YES;
				CLANG_WARN_SUSPICIOUS_MOVE = YES;
				CLANG_WARN_UNGUARDED_AVAILABILITY = YES_AGGRESSIVE;
				CLANG_WARN_UNREACHABLE_CODE = YES;
				CLANG_WARN__DUPLICATE_METHOD_MATCH = YES;
				CODE_SIGN_IDENTITY = "iPhone Developer";
				COPY_PHASE_STRIP = NO;
				DEBUG_INFORMATION_FORMAT = "dwarf-with-dsym";
				ENABLE_NS_ASSERTIONS = NO;
				ENABLE_STRICT_OBJC_MSGSEND = YES;
				GCC_C_LANGUAGE_STANDARD = gnu11;
				GCC_NO_COMMON_BLOCKS = YES;
				GCC_WARN_64_TO_32_BIT_CONVERSION = YES;
				GCC_WARN_ABOUT_RETURN_TYPE = YES_ERROR;
				GCC_WARN_UNDECLARED_SELECTOR = YES;
				GCC_WARN_UNINITIALIZED_AUTOS = YES_AGGRESSIVE;
				GCC_WARN_UNUSED_FUNCTION = YES;
				GCC_WARN_UNUSED_VARIABLE = YES;
				IPHONEOS_DEPLOYMENT_TARGET = 11.3;
				MTL_ENABLE_DEBUG_INFO = NO;
				SDKROOT = iphoneos;
				SWIFT_COMPILATION_MODE = wholemodule;
				SWIFT_OPTIMIZATION_LEVEL = "-O";
				VALIDATE_PRODUCT = YES;
			};
			name = Release;
		};
		CC01902720A7197D00E4F539 /* Debug */ = {
			isa = XCBuildConfiguration;
			buildSettings = {
				ASSETCATALOG_COMPILER_APPICON_NAME = AppIcon;
				CODE_SIGN_STYLE = Automatic;
				DEVELOPMENT_TEAM = 6RSSBKDAGB;
				INFOPLIST_FILE = Prime/Info.plist;
				LD_RUNPATH_SEARCH_PATHS = (
					"$(inherited)",
					"@executable_path/Frameworks",
				);
				PRODUCT_BUNDLE_IDENTIFIER = "uk.co.ceri-anne.Prime";
				PRODUCT_NAME = "$(TARGET_NAME)";
				SWIFT_VERSION = 4.0;
				TARGETED_DEVICE_FAMILY = "1,2";
			};
			name = Debug;
		};
		CC01902820A7197D00E4F539 /* Release */ = {
			isa = XCBuildConfiguration;
			buildSettings = {
				ASSETCATALOG_COMPILER_APPICON_NAME = AppIcon;
				CODE_SIGN_STYLE = Automatic;
				DEVELOPMENT_TEAM = 6RSSBKDAGB;
				INFOPLIST_FILE = Prime/Info.plist;
				LD_RUNPATH_SEARCH_PATHS = (
					"$(inherited)",
					"@executable_path/Frameworks",
				);
				PRODUCT_BUNDLE_IDENTIFIER = "uk.co.ceri-anne.Prime";
				PRODUCT_NAME = "$(TARGET_NAME)";
				SWIFT_VERSION = 4.0;
				TARGETED_DEVICE_FAMILY = "1,2";
			};
			name = Release;
		};
		CC01903520A71E5500E4F539 /* Debug */ = {
			isa = XCBuildConfiguration;
			buildSettings = {
				BUNDLE_LOADER = "$(TEST_HOST)";
				CLANG_ENABLE_MODULES = YES;
				CODE_SIGN_STYLE = Automatic;
				DEVELOPMENT_TEAM = 6RSSBKDAGB;
				INFOPLIST_FILE = PrimeTests/Info.plist;
				LD_RUNPATH_SEARCH_PATHS = (
					"$(inherited)",
					"@executable_path/Frameworks",
					"@loader_path/Frameworks",
				);
				PRODUCT_BUNDLE_IDENTIFIER = "uk.co.ceri-anne.PrimeTests";
				PRODUCT_NAME = "$(TARGET_NAME)";
				SWIFT_OPTIMIZATION_LEVEL = "-Onone";
				SWIFT_VERSION = 4.0;
				TARGETED_DEVICE_FAMILY = "1,2";
				TEST_HOST = "$(BUILT_PRODUCTS_DIR)/Prime.app/Prime";
			};
			name = Debug;
		};
		CC01903620A71E5500E4F539 /* Release */ = {
			isa = XCBuildConfiguration;
			buildSettings = {
				BUNDLE_LOADER = "$(TEST_HOST)";
				CLANG_ENABLE_MODULES = YES;
				CODE_SIGN_STYLE = Automatic;
				DEVELOPMENT_TEAM = 6RSSBKDAGB;
				INFOPLIST_FILE = PrimeTests/Info.plist;
				LD_RUNPATH_SEARCH_PATHS = (
					"$(inherited)",
					"@executable_path/Frameworks",
					"@loader_path/Frameworks",
				);
				PRODUCT_BUNDLE_IDENTIFIER = "uk.co.ceri-anne.PrimeTests";
				PRODUCT_NAME = "$(TARGET_NAME)";
				SWIFT_VERSION = 4.0;
				TARGETED_DEVICE_FAMILY = "1,2";
				TEST_HOST = "$(BUILT_PRODUCTS_DIR)/Prime.app/Prime";
			};
			name = Release;
		};
		CC01904420A7417C00E4F539 /* Debug */ = {
			isa = XCBuildConfiguration;
			buildSettings = {
				CODE_SIGN_STYLE = Automatic;
				DEVELOPMENT_TEAM = 6RSSBKDAGB;
				INFOPLIST_FILE = PrimeUITests/Info.plist;
				LD_RUNPATH_SEARCH_PATHS = (
					"$(inherited)",
					"@executable_path/Frameworks",
					"@loader_path/Frameworks",
				);
				PRODUCT_BUNDLE_IDENTIFIER = "uk.co.ceri-anne.PrimeUITests";
				PRODUCT_NAME = "$(TARGET_NAME)";
				SWIFT_VERSION = 4.0;
				TARGETED_DEVICE_FAMILY = "1,2";
				TEST_TARGET_NAME = Prime;
			};
			name = Debug;
		};
		CC01904520A7417C00E4F539 /* Release */ = {
			isa = XCBuildConfiguration;
			buildSettings = {
				CODE_SIGN_STYLE = Automatic;
				DEVELOPMENT_TEAM = 6RSSBKDAGB;
				INFOPLIST_FILE = PrimeUITests/Info.plist;
				LD_RUNPATH_SEARCH_PATHS = (
					"$(inherited)",
					"@executable_path/Frameworks",
					"@loader_path/Frameworks",
				);
				PRODUCT_BUNDLE_IDENTIFIER = "uk.co.ceri-anne.PrimeUITests";
				PRODUCT_NAME = "$(TARGET_NAME)";
				SWIFT_VERSION = 4.0;
				TARGETED_DEVICE_FAMILY = "1,2";
				TEST_TARGET_NAME = Prime;
			};
			name = Release;
		};
/* End XCBuildConfiguration section */

/* Begin XCConfigurationList section */
		CC01900F20A7197B00E4F539 /* Build configuration list for PBXProject "Prime" */ = {
			isa = XCConfigurationList;
			buildConfigurations = (
				CC01902420A7197D00E4F539 /* Debug */,
				CC01902520A7197D00E4F539 /* Release */,
			);
			defaultConfigurationIsVisible = 0;
			defaultConfigurationName = Release;
		};
		CC01902620A7197D00E4F539 /* Build configuration list for PBXNativeTarget "Prime" */ = {
			isa = XCConfigurationList;
			buildConfigurations = (
				CC01902720A7197D00E4F539 /* Debug */,
				CC01902820A7197D00E4F539 /* Release */,
			);
			defaultConfigurationIsVisible = 0;
			defaultConfigurationName = Release;
		};
		CC01903420A71E5500E4F539 /* Build configuration list for PBXNativeTarget "PrimeTests" */ = {
			isa = XCConfigurationList;
			buildConfigurations = (
				CC01903520A71E5500E4F539 /* Debug */,
				CC01903620A71E5500E4F539 /* Release */,
			);
			defaultConfigurationIsVisible = 0;
			defaultConfigurationName = Release;
		};
		CC01904620A7417C00E4F539 /* Build configuration list for PBXNativeTarget "PrimeUITests" */ = {
			isa = XCConfigurationList;
			buildConfigurations = (
				CC01904420A7417C00E4F539 /* Debug */,
				CC01904520A7417C00E4F539 /* Release */,
			);
			defaultConfigurationIsVisible = 0;
			defaultConfigurationName = Release;
		};
/* End XCConfigurationList section */
	};
	rootObject = CC01900C20A7197B00E4F539 /* Project object */;
}
